{
  "name": "lavaflow",
  "version": "0.1.0",
  "lockfileVersion": 1,
  "requires": true,
  "dependencies": {
    "react-moment": {
      "version": "0.7.9",
      "resolved": "https://registry.npmjs.org/react-moment/-/react-moment-0.7.9.tgz",
      "integrity": "sha512-JpHQgpB+p3oqZv583xlJakPXgqdIjGBZvngHYcFhlYxTYs0NDZSdoM1FCpU9T2QmqKOEFBVuhhJBMvJzTkF/wQ=="
    }
  }
}
